dependencies:
  espressif/lan87xx:
    component_hash: 085305ca93c456f6731f38459f56b585c41c8c752a09a11f3cb55ea1a27c71e9
    dependencies:
    - name: idf
      require: private
      version: '>=6.0'
    source:
      registry_url: https://components.espressif.com/
      type: service
    targets:
    - esp32
    - esp32p4
    - esp32s31
    version: 1.1.0
  espressif/mdns:
    component_hash: 3ba256ac95e07c274be53cbd73f06cb846c403b61e8fbdf1be57bdb79db7a63e
    dependencies:
    - name: idf
      require: private
      version: '>=5.0'
    source:
      registry_url: https://components.espressif.com/
      type: service
    version: 1.12.0
  idf:
    source:
      type: idf
    version: 6.1.0
direct_dependencies:
- espressif/lan87xx
- espressif/mdns
- idf
manifest_hash: b63d1096f1f67fcf2e7ba50c9068002e5eab8c71aec80bd3a4b1e0cccbad7463
target: esp32
version: 3.0.0
